
Microsoft Visual Studio Solution File, Format Version 12.00
# Visual Studio Version 17
VisualStudioVersion = 17.11.35327.3
MinimumVisualStudioVersion = 10.0.40219.1
Project("{9A19103F-16F7-4668-BE54-9A1E7A4F7556}") = "barberchainAPI", "barberchainAPI.csproj", "{4F2EED62-2025-4202-93E6-BAEFD585E011}"
EndProject
Project("{9A19103F-16F7-4668-BE54-9A1E7A4F7556}") = "barberchainTest", "..\barberchainTest\barberchainTest.csproj", "{0F6CBB5A-01D6-421B-88BF-FC1C67CAA6E0}"
EndProject
Global
	GlobalSection(SolutionConfigurationPlatforms) = preSolution
		Debug|Any CPU = Debug|Any CPU
		Release|Any CPU = Release|Any CPU
	EndGlobalSection
	GlobalSection(ProjectConfigurationPlatforms) = postSolution
		{4F2EED62-2025-4202-93E6-BAEFD585E011}.Debug|Any CPU.ActiveCfg = Debug|Any CPU
		{4F2EED62-2025-4202-93E6-BAEFD585E011}.Debug|Any CPU.Build.0 = Debug|Any CPU
		{4F2EED62-2025-4202-93E6-BAEFD585E011}.Release|Any CPU.ActiveCfg = Release|Any CPU
		{4F2EED62-2025-4202-93E6-BAEFD585E011}.Release|Any CPU.Build.0 = Release|Any CPU
		{0F6CBB5A-01D6-421B-88BF-FC1C67CAA6E0}.Debug|Any CPU.ActiveCfg = Debug|Any CPU
		{0F6CBB5A-01D6-421B-88BF-FC1C67CAA6E0}.Debug|Any CPU.Build.0 = Debug|Any CPU
		{0F6CBB5A-01D6-421B-88BF-FC1C67CAA6E0}.Release|Any CPU.ActiveCfg = Release|Any CPU
		{0F6CBB5A-01D6-421B-88BF-FC1C67CAA6E0}.Release|Any CPU.Build.0 = Release|Any CPU
	EndGlobalSection
	GlobalSection(SolutionProperties) = preSolution
		HideSolutionNode = FALSE
	EndGlobalSection
	GlobalSection(ExtensibilityGlobals) = postSolution
		SolutionGuid = {2F91FF20-F201-4ED4-A6ED-1B67B23E0CD6}
	EndGlobalSection
EndGlobal
